// !$*UTF8*$!
{
	archiveVersion = 1;
	classes = {
	};
	objectVersion = 46;
	objects = {

/* Begin PBXBuildFile section */
		5794F3011A282DB10082D1B4 /* WovenStar.m in Sources */ = {isa = PBXBuildFile; fileRef = 5794F3001A282DB10082D1B4 /* WovenStar.m */; };
		57D92CDA19EFC429003415A4 /* main.m in Sources */ = {isa = PBXBuildFile; fileRef = 57D92CD919EFC429003415A4 /* main.m */; };
		57D92CDD19EFC429003415A4 /* AppDelegate.m in Sources */ = {isa = PBXBuildFile; fileRef = 57D92CDC19EFC429003415A4 /* AppDelegate.m */; };
		57D92CE019EFC429003415A4 /* ViewController.m in Sources */ = {isa = PBXBuildFile; fileRef = 57D92CDF19EFC429003415A4 /* ViewController.m */; };
		57D92CE319EFC429003415A4 /* Main.storyboard in Resources */ = {isa = PBXBuildFile; fileRef = 57D92CE119EFC429003415A4 /* Main.storyboard */; };
		57D92CE519EFC429003415A4 /* Images.xcassets in Resources */ = {isa = PBXBuildFile; fileRef = 57D92CE419EFC429003415A4 /* Images.xcassets */; };
		57D92CE819EFC429003415A4 /* LaunchScreen.xib in Resources */ = {isa = PBXBuildFile; fileRef = 57D92CE619EFC429003415A4 /* LaunchScreen.xib */; };
		57D92CF419EFC429003415A4 /* WovenStarTests.m in Sources */ = {isa = PBXBuildFile; fileRef = 57D92CF319EFC429003415A4 /* WovenStarTests.m */; };
/* End PBXBuildFile section */

/* Begin PBXContainerItemProxy section */
		57D92CEE19EFC429003415A4 /* PBXContainerItemProxy */ = {
			isa = PBXContainerItemProxy;
			containerPortal = 57D92CCC19EFC429003415A4 /* Project object */;
			proxyType = 1;
			remoteGlobalIDString = 57D92CD319EFC429003415A4;
			remoteInfo = WovenStar;
		};
/* End PBXContainerItemProxy section */

/* Begin PBXFileReference section */
		5794F2FF1A282DB10082D1B4 /* WovenStar.h */ = {isa = PBXFileReference; fileEncoding = 4; lastKnownFileType = sourcecode.c.h; path = WovenStar.h; sourceTree = "<group>"; };
		5794F3001A282DB10082D1B4 /* WovenStar.m */ = {isa = PBXFileReference; fileEncoding = 4; lastKnownFileType = sourcecode.c.objc; path = WovenStar.m; sourceTree = "<group>"; };
		57D92CD419EFC429003415A4 /* WovenStar.app */ = {isa = PBXFileReference; explicitFileType = wrapper.application; includeInIndex = 0; path = WovenStar.app; sourceTree = BUILT_PRODUCTS_DIR; };
		57D92CD819EFC429003415A4 /* Info.plist */ = {isa = PBXFileReference; lastKnownFileType = text.plist.xml; path = Info.plist; sourceTree = "<group>"; };
		57D92CD919EFC429003415A4 /* main.m */ = {isa = PBXFileReference; lastKnownFileType = sourcecode.c.objc; path = main.m; sourceTree = "<group>"; };
		57D92CDB19EFC429003415A4 /* AppDelegate.h */ = {isa = PBXFileReference; lastKnownFileType = sourcecode.c.h; path = AppDelegate.h; sourceTree = "<group>"; };
		57D92CDC19EFC429003415A4 /* AppDelegate.m */ = {isa = PBXFileReference; lastKnownFileType = sourcecode.c.objc; path = AppDelegate.m; sourceTree = "<group>"; };
		57D92CDE19EFC429003415A4 /* ViewController.h */ = {isa = PBXFileReference; lastKnownFileType = sourcecode.c.h; path = ViewController.h; sourceTree = "<group>"; };
		57D92CDF19EFC429003415A4 /* ViewController.m */ = {isa = PBXFileReference; lastKnownFileType = sourcecode.c.objc; path = ViewController.m; sourceTree = "<group>"; };
		57D92CE219EFC429003415A4 /* Base */ = {isa = PBXFileReference; lastKnownFileType = file.storyboard; name = Base; path = Base.lproj/Main.storyboard; sourceTree = "<group>"; };
		57D92CE419EFC429003415A4 /* Images.xcassets */ = {isa = PBXFileReference; lastKnownFileType = folder.assetcatalog; path = Images.xcassets; sourceTree = "<group>"; };
		57D92CE719EFC429003415A4 /* Base */ = {isa = PBXFileReference; lastKnownFileType = file.xib; name = Base; path = Base.lproj/LaunchScreen.xib; sourceTree = "<group>"; };
		57D92CED19EFC429003415A4 /* WovenStarTests.xctest */ = {isa = PBXFileReference; explicitFileType = wrapper.cfbundle; includeInIndex = 0; path = WovenStarTests.xctest; sourceTree = BUILT_PRODUCTS_DIR; };
		57D92CF219EFC429003415A4 /* Info.plist */ = {isa = PBXFileReference; lastKnownFileType = text.plist.xml; path = Info.plist; sourceTree = "<group>"; };
		57D92CF319EFC429003415A4 /* WovenStarTests.m */ = {isa = PBXFileReference; lastKnownFileType = sourcecode.c.objc; path = WovenStarTests.m; sourceTree = "<group>"; };
/* End PBXFileReference section */

/* Begin PBXFrameworksBuildPhase section */
		57D92CD119EFC429003415A4 /* Frameworks */ = {
			isa = PBXFrameworksBuildPhase;
			buildActionMask = 2147483647;
			files = (
			);
			runOnlyForDeploymentPostprocessing = 0;
		};
		57D92CEA19EFC429003415A4 /* Frameworks */ = {
			isa = PBXFrameworksBuildPhase;
			buildActionMask = 2147483647;
			files = (
			);
			runOnlyForDeploymentPostprocessing = 0;
		};
/* End PBXFrameworksBuildPhase section */

/* Begin PBXGroup section */
		5794F2FE1A282DB10082D1B4 /* essence */ = {
			isa = PBXGroup;
			children = (
				5794F2FF1A282DB10082D1B4 /* WovenStar.h */,
				5794F3001A282DB10082D1B4 /* WovenStar.m */,
			);
			path = essence;
			sourceTree = "<group>";
		};
		57D92CCB19EFC429003415A4 = {
			isa = PBXGroup;
			children = (
				57D92CD619EFC429003415A4 /* WovenStar */,
				57D92CF019EFC429003415A4 /* WovenStarTests */,
				57D92CD519EFC429003415A4 /* Products */,
			);
			sourceTree = "<group>";
		};
		57D92CD519EFC429003415A4 /* Products */ = {
			isa = PBXGroup;
			children = (
				57D92CD419EFC429003415A4 /* WovenStar.app */,
				57D92CED19EFC429003415A4 /* WovenStarTests.xctest */,
			);
			name = Products;
			sourceTree = "<group>";
		};
		57D92CD619EFC429003415A4 /* WovenStar */ = {
			isa = PBXGroup;
			children = (
				57D92CDB19EFC429003415A4 /* AppDelegate.h */,
				57D92CDC19EFC429003415A4 /* AppDelegate.m */,
				5794F2FE1A282DB10082D1B4 /* essence */,
				57D92CDE19EFC429003415A4 /* ViewController.h */,
				57D92CDF19EFC429003415A4 /* ViewController.m */,
				57D92CE119EFC429003415A4 /* Main.storyboard */,
				57D92CE419EFC429003415A4 /* Images.xcassets */,
				57D92CE619EFC429003415A4 /* LaunchScreen.xib */,
				57D92CD719EFC429003415A4 /* Supporting Files */,
			);
			path = WovenStar;
			sourceTree = "<group>";
		};
		57D92CD719EFC429003415A4 /* Supporting Files */ = {
			isa = PBXGroup;
			children = (
				57D92CD819EFC429003415A4 /* Info.plist */,
				57D92CD919EFC429003415A4 /* main.m */,
			);
			name = "Supporting Files";
			sourceTree = "<group>";
		};
		57D92CF019EFC429003415A4 /* WovenStarTests */ = {
			isa = PBXGroup;
			children = (
				57D92CF319EFC429003415A4 /* WovenStarTests.m */,
				57D92CF119EFC429003415A4 /* Supporting Files */,
			);
			path = WovenStarTests;
			sourceTree = "<group>";
		};
		57D92CF119EFC429003415A4 /* Supporting Files */ = {
			isa = PBXGroup;
			children = (
				57D92CF219EFC429003415A4 /* Info.plist */,
			);
			name = "Supporting Files";
			sourceTree = "<group>";
		};
/* End PBXGroup section */

/* Begin PBXNativeTarget section */
		57D92CD319EFC429003415A4 /* WovenStar */ = {
			isa = PBXNativeTarget;
			buildConfigurationList = 57D92CF719EFC42A003415A4 /* Build configuration list for PBXNativeTarget "WovenStar" */;
			buildPhases = (
				57D92CD019EFC429003415A4 /* Sources */,
				57D92CD119EFC429003415A4 /* Frameworks */,
				57D92CD219EFC429003415A4 /* Resources */,
			);
			buildRules = (
			);
			dependencies = (
			);
			name = WovenStar;
			productName = WovenStar;
			productReference = 57D92CD419EFC429003415A4 /* WovenStar.app */;
			productType = "com.apple.product-type.application";
		};
		57D92CEC19EFC429003415A4 /* WovenStarTests */ = {
			isa = PBXNativeTarget;
			buildConfigurationList = 57D92CFA19EFC42A003415A4 /* Build configuration list for PBXNativeTarget "WovenStarTests" */;
			buildPhases = (
				57D92CE919EFC429003415A4 /* Sources */,
				57D92CEA19EFC429003415A4 /* Frameworks */,
				57D92CEB19EFC429003415A4 /* Resources */,
			);
			buildRules = (
			);
			dependencies = (
				57D92CEF19EFC429003415A4 /* PBXTargetDependency */,
			);
			name = WovenStarTests;
			productName = WovenStarTests;
			productReference = 57D92CED19EFC429003415A4 /* WovenStarTests.xctest */;
			productType = "com.apple.product-type.bundle.unit-test";
		};
/* End PBXNativeTarget section */

/* Begin PBXProject section */
		57D92CCC19EFC429003415A4 /* Project object */ = {
			isa = PBXProject;
			attributes = {
				LastUpgradeCheck = 0600;
				ORGANIZATIONNAME = iaomw;
				TargetAttributes = {
					57D92CD319EFC429003415A4 = {
						CreatedOnToolsVersion = 6.0.1;
					};
					57D92CEC19EFC429003415A4 = {
						CreatedOnToolsVersion = 6.0.1;
						TestTargetID = 57D92CD319EFC429003415A4;
					};
				};
			};
			buildConfigurationList = 57D92CCF19EFC429003415A4 /* Build configuration list for PBXProject "WovenStar" */;
			compatibilityVersion = "Xcode 3.2";
			developmentRegion = English;
			hasScannedForEncodings = 0;
			knownRegions = (
				en,
				Base,
			);
			mainGroup = 57D92CCB19EFC429003415A4;
			productRefGroup = 57D92CD519EFC429003415A4 /* Products */;
			projectDirPath = "";
			projectRoot = "";
			targets = (
				57D92CD319EFC429003415A4 /* WovenStar */,
				57D92CEC19EFC429003415A4 /* WovenStarTests */,
			);
		};
/* End PBXProject section */

/* Begin PBXResourcesBuildPhase section */
		57D92CD219EFC429003415A4 /* Resources */ = {
			isa = PBXResourcesBuildPhase;
			buildActionMask = 2147483647;
			files = (
				57D92CE319EFC429003415A4 /* Main.storyboard in Resources */,
				57D92CE819EFC429003415A4 /* LaunchScreen.xib in Resources */,
				57D92CE519EFC429003415A4 /* Images.xcassets in Resources */,
			);
			runOnlyForDeploymentPostprocessing = 0;
		};
		57D92CEB19EFC429003415A4 /* Resources */ = {
			isa = PBXResourcesBuildPhase;
			buildActionMask = 2147483647;
			files = (
			);
			runOnlyForDeploymentPostprocessing = 0;
		};
/* End PBXResourcesBuildPhase section */

/* Begin PBXSourcesBuildPhase section */
		57D92CD019EFC429003415A4 /* Sources */ = {
			isa = PBXSourcesBuildPhase;
			buildActionMask = 2147483647;
			files = (
				57D92CE019EFC429003415A4 /* ViewController.m in Sources */,
				57D92CDD19EFC429003415A4 /* AppDelegate.m in Sources */,
				57D92CDA19EFC429003415A4 /* main.m in Sources */,
				5794F3011A282DB10082D1B4 /* WovenStar.m in Sources */,
			);
			runOnlyForDeploymentPostprocessing = 0;
		};
		57D92CE919EFC429003415A4 /* Sources */ = {
			isa = PBXSourcesBuildPhase;
			buildActionMask = 2147483647;
			files = (
				57D92CF419EFC429003415A4 /* WovenStarTests.m in Sources */,
			);
			runOnlyForDeploymentPostprocessing = 0;
		};
/* End PBXSourcesBuildPhase section */

/* Begin PBXTargetDependency section */
		57D92CEF19EFC429003415A4 /* PBXTargetDependency */ = {
			isa = PBXTargetDependency;
			target = 57D92CD319EFC429003415A4 /* WovenStar */;
			targetProxy = 57D92CEE19EFC429003415A4 /* PBXContainerItemProxy */;
		};
/* End PBXTargetDependency section */

/* Begin PBXVariantGroup section */
		57D92CE119EFC429003415A4 /* Main.storyboard */ = {
			isa = PBXVariantGroup;
			children = (
				57D92CE219EFC429003415A4 /* Base */,
			);
			name = Main.storyboard;
			sourceTree = "<group>";
		};
		57D92CE619EFC429003415A4 /* LaunchScreen.xib */ = {
			isa = PBXVariantGroup;
			children = (
				57D92CE719EFC429003415A4 /* Base */,
			);
			name = LaunchScreen.xib;
			sourceTree = "<group>";
		};
/* End PBXVariantGroup section */

/* Begin XCBuildConfiguration section */
		57D92CF519EFC42A003415A4 /* Debug */ = {
			isa = XCBuildConfiguration;
			buildSettings = {
				ALWAYS_SEARCH_USER_PATHS = NO;
				CLANG_CXX_LANGUAGE_STANDARD = "gnu++0x";
				CLANG_CXX_LIBRARY = "libc++";
				CLANG_ENABLE_MODULES = YES;
				CLANG_ENABLE_OBJC_ARC = YES;
				CLANG_WARN_BOOL_CONVERSION = YES;
				CLANG_WARN_CONSTANT_CONVERSION = YES;
				CLANG_WARN_DIRECT_OBJC_ISA_USAGE = YES_ERROR;
				CLANG_WARN_EMPTY_BODY = YES;
				CLANG_WARN_ENUM_CONVERSION = YES;
				CLANG_WARN_INT_CONVERSION = YES;
				CLANG_WARN_OBJC_ROOT_CLASS = YES_ERROR;
				CLANG_WARN_UNREACHABLE_CODE = YES;
				CLANG_WARN__DUPLICATE_METHOD_MATCH = YES;
				"CODE_SIGN_IDENTITY[sdk=iphoneos*]" = "iPhone Developer";
				COPY_PHASE_STRIP = NO;
				ENABLE_STRICT_OBJC_MSGSEND = YES;
				GCC_C_LANGUAGE_STANDARD = gnu99;
				GCC_DYNAMIC_NO_PIC = NO;
				GCC_OPTIMIZATION_LEVEL = 0;
				GCC_PREPROCESSOR_DEFINITIONS = (
					"DEBUG=1",
					"$(inherited)",
				);
				GCC_SYMBOLS_PRIVATE_EXTERN = NO;
				GCC_WARN_64_TO_32_BIT_CONVERSION = YES;
				GCC_WARN_ABOUT_RETURN_TYPE = YES_ERROR;
				GCC_WARN_UNDECLARED_SELECTOR = YES;
				GCC_WARN_UNINITIALIZED_AUTOS = YES_AGGRESSIVE;
				GCC_WARN_UNUSED_FUNCTION = YES;
				GCC_WARN_UNUSED_VARIABLE = YES;
				IPHONEOS_DEPLOYMENT_TARGET = 8.0;
				MTL_ENABLE_DEBUG_INFO = YES;
				ONLY_ACTIVE_ARCH = YES;
				SDKROOT = iphoneos;
			};
			name = Debug;
		};
		57D92CF619EFC42A003415A4 /* Release */ = {
			isa = XCBuildConfiguration;
			buildSettings = {
				ALWAYS_SEARCH_USER_PATHS = NO;
				CLANG_CXX_LANGUAGE_STANDARD = "gnu++0x";
				CLANG_CXX_LIBRARY = "libc++";
				CLANG_ENABLE_MODULES = YES;
				CLANG_ENABLE_OBJC_ARC = YES;
				CLANG_WARN_BOOL_CONVERSION = YES;
				CLANG_WARN_CONSTANT_CONVERSION = YES;
				CLANG_WARN_DIRECT_OBJC_ISA_USAGE = YES_ERROR;
				CLANG_WARN_EMPTY_BODY = YES;
				CLANG_WARN_ENUM_CONVERSION = YES;
				CLANG_WARN_INT_CONVERSION = YES;
				CLANG_WARN_OBJC_ROOT_CLASS = YES_ERROR;
				CLANG_WARN_UNREACHABLE_CODE = YES;
				CLANG_WARN__DUPLICATE_METHOD_MATCH = YES;
				"CODE_SIGN_IDENTITY[sdk=iphoneos*]" = "iPhone Developer";
				COPY_PHASE_STRIP = YES;
				ENABLE_NS_ASSERTIONS = NO;
				ENABLE_STRICT_OBJC_MSGSEND = YES;
				GCC_C_LANGUAGE_STANDARD = gnu99;
				GCC_WARN_64_TO_32_BIT_CONVERSION = YES;
				GCC_WARN_ABOUT_RETURN_TYPE = YES_ERROR;
				GCC_WARN_UNDECLARED_SELECTOR = YES;
				GCC_WARN_UNINITIALIZED_AUTOS = YES_AGGRESSIVE;
				GCC_WARN_UNUSED_FUNCTION = YES;
				GCC_WARN_UNUSED_VARIABLE = YES;
				IPHONEOS_DEPLOYMENT_TARGET = 8.0;
				MTL_ENABLE_DEBUG_INFO = NO;
				SDKROOT = iphoneos;
				VALIDATE_PRODUCT = YES;
			};
			name = Release;
		};
		57D92CF819EFC42A003415A4 /* Debug */ = {
			isa = XCBuildConfiguration;
			buildSettings = {
				ASSETCATALOG_COMPILER_APPICON_NAME = AppIcon;
				INFOPLIST_FILE = WovenStar/Info.plist;
				LD_RUNPATH_SEARCH_PATHS = "$(inherited) @executable_path/Frameworks";
				PRODUCT_NAME = "$(TARGET_NAME)";
			};
			name = Debug;
		};
		57D92CF919EFC42A003415A4 /* Release */ = {
			isa = XCBuildConfiguration;
			buildSettings = {
				ASSETCATALOG_COMPILER_APPICON_NAME = AppIcon;
				INFOPLIST_FILE = WovenStar/Info.plist;
				LD_RUNPATH_SEARCH_PATHS = "$(inherited) @executable_path/Frameworks";
				PRODUCT_NAME = "$(TARGET_NAME)";
			};
			name = Release;
		};
		57D92CFB19EFC42A003415A4 /* Debug */ = {
			isa = XCBuildConfiguration;
			buildSettings = {
				BUNDLE_LOADER = "$(TEST_HOST)";
				FRAMEWORK_SEARCH_PATHS = (
					"$(SDKROOT)/Developer/Library/Frameworks",
					"$(inherited)",
				);
				GCC_PREPROCESSOR_DEFINITIONS = (
					"DEBUG=1",
					"$(inherited)",
				);
				INFOPLIST_FILE = WovenStarTests/Info.plist;
				LD_RUNPATH_SEARCH_PATHS = "$(inherited) @executable_path/Frameworks @loader_path/Frameworks";
				PRODUCT_NAME = "$(TARGET_NAME)";
				TEST_HOST = "$(BUILT_PRODUCTS_DIR)/WovenStar.app/WovenStar";
			};
			name = Debug;
		};
		57D92CFC19EFC42A003415A4 /* Release */ = {
			isa = XCBuildConfiguration;
			buildSettings = {
				BUNDLE_LOADER = "$(TEST_HOST)";
				FRAMEWORK_SEARCH_PATHS = (
					"$(SDKROOT)/Developer/Library/Frameworks",
					"$(inherited)",
				);
				INFOPLIST_FILE = WovenStarTests/Info.plist;
				LD_RUNPATH_SEARCH_PATHS = "$(inherited) @executable_path/Frameworks @loader_path/Frameworks";
				PRODUCT_NAME = "$(TARGET_NAME)";
				TEST_HOST = "$(BUILT_PRODUCTS_DIR)/WovenStar.app/WovenStar";
			};
			name = Release;
		};
/* End XCBuildConfiguration section */

/* Begin XCConfigurationList section */
		57D92CCF19EFC429003415A4 /* Build configuration list for PBXProject "WovenStar" */ = {
			isa = XCConfigurationList;
			buildConfigurations = (
				57D92CF519EFC42A003415A4 /* Debug */,
				57D92CF619EFC42A003415A4 /* Release */,
			);
			defaultConfigurationIsVisible = 0;
			defaultConfigurationName = Release;
		};
		57D92CF719EFC42A003415A4 /* Build configuration list for PBXNativeTarget "WovenStar" */ = {
			isa = XCConfigurationList;
			buildConfigurations = (
				57D92CF819EFC42A003415A4 /* Debug */,
				57D92CF919EFC42A003415A4 /* Release */,
			);
			defaultConfigurationIsVisible = 0;
			defaultConfigurationName = Release;
		};
		57D92CFA19EFC42A003415A4 /* Build configuration list for PBXNativeTarget "WovenStarTests" */ = {
			isa = XCConfigurationList;
			buildConfigurations = (
				57D92CFB19EFC42A003415A4 /* Debug */,
				57D92CFC19EFC42A003415A4 /* Release */,
			);
			defaultConfigurationIsVisible = 0;
			defaultConfigurationName = Release;
		};
/* End XCConfigurationList section */
	};
	rootObject = 57D92CCC19EFC429003415A4 /* Project object */;
}
